// !$*UTF8*$!
{
	archiveVersion = 1;
	classes = {
	};
	objectVersion = 46;
	objects = {

/* Begin PBXBuildFile section */
		756D60D81EFF2AB600995043 /* AppDelegate.swift in Sources */ = {isa = PBXBuildFile; fileRef = 756D60D71EFF2AB600995043 /* AppDelegate.swift */; };
		756D60DA1EFF2AB600995043 /* WeatherVC.swift in Sources */ = {isa = PBXBuildFile; fileRef = 756D60D91EFF2AB600995043 /* WeatherVC.swift */; };
		756D60DD1EFF2AB600995043 /* Main.storyboard in Resources */ = {isa = PBXBuildFile; fileRef = 756D60DB1EFF2AB600995043 /* Main.storyboard */; };
		756D60DF1EFF2AB600995043 /* Assets.xcassets in Resources */ = {isa = PBXBuildFile; fileRef = 756D60DE1EFF2AB600995043 /* Assets.xcassets */; };
		756D60E21EFF2AB600995043 /* LaunchScreen.storyboard in Resources */ = {isa = PBXBuildFile; fileRef = 756D60E01EFF2AB600995043 /* LaunchScreen.storyboard */; };
		756D60EA1F007D6D00995043 /* Constants.swift in Sources */ = {isa = PBXBuildFile; fileRef = 756D60E91F007D6D00995043 /* Constants.swift */; };
		756D60EC1F0081B500995043 /* CurrentWeather.swift in Sources */ = {isa = PBXBuildFile; fileRef = 756D60EB1F0081B500995043 /* CurrentWeather.swift */; };
		756D610E1F0346D000995043 /* Forecast.swift in Sources */ = {isa = PBXBuildFile; fileRef = 756D610D1F0346D000995043 /* Forecast.swift */; };
		756D61121F07394C00995043 /* WeatherCell.swift in Sources */ = {isa = PBXBuildFile; fileRef = 756D61111F07394C00995043 /* WeatherCell.swift */; };
		756D61161F07ED0B00995043 /* Location.swift in Sources */ = {isa = PBXBuildFile; fileRef = 756D61151F07ED0B00995043 /* Location.swift */; };
		A032233D3A77B599BA123BC0 /* Pods_rainyshinycloudy.framework in Frameworks */ = {isa = PBXBuildFile; fileRef = B0D06C76A67DEF75686FC4A9 /* Pods_rainyshinycloudy.framework */; };
/* End PBXBuildFile section */

/* Begin PBXFileReference section */
		0D5D71EC4F6138091EA50C73 /* Pods-rainyshinycloudy.release.xcconfig */ = {isa = PBXFileReference; includeInIndex = 1; lastKnownFileType = text.xcconfig; name = "Pods-rainyshinycloudy.release.xcconfig"; path = "Pods/Target Support Files/Pods-rainyshinycloudy/Pods-rainyshinycloudy.release.xcconfig"; sourceTree = "<group>"; };
		756D60D41EFF2AB600995043 /* rainyshinycloudy.app */ = {isa = PBXFileReference; explicitFileType = wrapper.application; includeInIndex = 0; path = rainyshinycloudy.app; sourceTree = BUILT_PRODUCTS_DIR; };
		756D60D71EFF2AB600995043 /* AppDelegate.swift */ = {isa = PBXFileReference; lastKnownFileType = sourcecode.swift; path = AppDelegate.swift; sourceTree = "<group>"; };
		756D60D91EFF2AB600995043 /* WeatherVC.swift */ = {isa = PBXFileReference; lastKnownFileType = sourcecode.swift; path = WeatherVC.swift; sourceTree = "<group>"; };
		756D60DC1EFF2AB600995043 /* Base */ = {isa = PBXFileReference; lastKnownFileType = file.storyboard; name = Base; path = Base.lproj/Main.storyboard; sourceTree = "<group>"; };
		756D60DE1EFF2AB600995043 /* Assets.xcassets */ = {isa = PBXFileReference; lastKnownFileType = folder.assetcatalog; path = Assets.xcassets; sourceTree = "<group>"; };
		756D60E11EFF2AB600995043 /* Base */ = {isa = PBXFileReference; lastKnownFileType = file.storyboard; name = Base; path = Base.lproj/LaunchScreen.storyboard; sourceTree = "<group>"; };
		756D60E31EFF2AB600995043 /* Info.plist */ = {isa = PBXFileReference; lastKnownFileType = text.plist.xml; path = Info.plist; sourceTree = "<group>"; };
		756D60E91F007D6D00995043 /* Constants.swift */ = {isa = PBXFileReference; fileEncoding = 4; lastKnownFileType = sourcecode.swift; path = Constants.swift; sourceTree = "<group>"; };
		756D60EB1F0081B500995043 /* CurrentWeather.swift */ = {isa = PBXFileReference; fileEncoding = 4; lastKnownFileType = sourcecode.swift; path = CurrentWeather.swift; sourceTree = "<group>"; };
		756D610D1F0346D000995043 /* Forecast.swift */ = {isa = PBXFileReference; fileEncoding = 4; lastKnownFileType = sourcecode.swift; path = Forecast.swift; sourceTree = "<group>"; };
		756D61111F07394C00995043 /* WeatherCell.swift */ = {isa = PBXFileReference; fileEncoding = 4; lastKnownFileType = sourcecode.swift; path = WeatherCell.swift; sourceTree = "<group>"; };
		756D61151F07ED0B00995043 /* Location.swift */ = {isa = PBXFileReference; fileEncoding = 4; lastKnownFileType = sourcecode.swift; path = Location.swift; sourceTree = "<group>"; };
		B0D06C76A67DEF75686FC4A9 /* Pods_rainyshinycloudy.framework */ = {isa = PBXFileReference; explicitFileType = wrapper.framework; includeInIndex = 0; path = Pods_rainyshinycloudy.framework; sourceTree = BUILT_PRODUCTS_DIR; };
		B472AD3DFA35BF1BDEFB1B6C /* Pods-rainyshinycloudy.debug.xcconfig */ = {isa = PBXFileReference; includeInIndex = 1; lastKnownFileType = text.xcconfig; name = "Pods-rainyshinycloudy.debug.xcconfig"; path = "Pods/Target Support Files/Pods-rainyshinycloudy/Pods-rainyshinycloudy.debug.xcconfig"; sourceTree = "<group>"; };
/* End PBXFileReference section */

/* Begin PBXFrameworksBuildPhase section */
		756D60D11EFF2AB600995043 /* Frameworks */ = {
			isa = PBXFrameworksBuildPhase;
			buildActionMask = 2147483647;
			files = (
				A032233D3A77B599BA123BC0 /* Pods_rainyshinycloudy.framework in Frameworks */,
			);
			runOnlyForDeploymentPostprocessing = 0;
		};
/* End PBXFrameworksBuildPhase section */

/* Begin PBXGroup section */
		756D60CB1EFF2AB500995043 = {
			isa = PBXGroup;
			children = (
				756D60D61EFF2AB600995043 /* rainyshinycloudy */,
				756D60D51EFF2AB600995043 /* Products */,
				B9B9153933AB9D93A56C812A /* Pods */,
				ABE8F08A4DE5CDB4DDC56010 /* Frameworks */,
			);
			sourceTree = "<group>";
		};
		756D60D51EFF2AB600995043 /* Products */ = {
			isa = PBXGroup;
			children = (
				756D60D41EFF2AB600995043 /* rainyshinycloudy.app */,
			);
			name = Products;
			sourceTree = "<group>";
		};
		756D60D61EFF2AB600995043 /* rainyshinycloudy */ = {
			isa = PBXGroup;
			children = (
				756D60D71EFF2AB600995043 /* AppDelegate.swift */,
				756D60D91EFF2AB600995043 /* WeatherVC.swift */,
				756D60DB1EFF2AB600995043 /* Main.storyboard */,
				756D60DE1EFF2AB600995043 /* Assets.xcassets */,
				756D60E01EFF2AB600995043 /* LaunchScreen.storyboard */,
				756D60E31EFF2AB600995043 /* Info.plist */,
				756D60E91F007D6D00995043 /* Constants.swift */,
				756D60EB1F0081B500995043 /* CurrentWeather.swift */,
				756D610D1F0346D000995043 /* Forecast.swift */,
				756D61111F07394C00995043 /* WeatherCell.swift */,
				756D61151F07ED0B00995043 /* Location.swift */,
			);
			path = rainyshinycloudy;
			sourceTree = "<group>";
		};
		ABE8F08A4DE5CDB4DDC56010 /* Frameworks */ = {
			isa = PBXGroup;
			children = (
				B0D06C76A67DEF75686FC4A9 /* Pods_rainyshinycloudy.framework */,
			);
			name = Frameworks;
			sourceTree = "<group>";
		};
		B9B9153933AB9D93A56C812A /* Pods */ = {
			isa = PBXGroup;
			children = (
				B472AD3DFA35BF1BDEFB1B6C /* Pods-rainyshinycloudy.debug.xcconfig */,
				0D5D71EC4F6138091EA50C73 /* Pods-rainyshinycloudy.release.xcconfig */,
			);
			name = Pods;
			sourceTree = "<group>";
		};
/* End PBXGroup section */

/* Begin PBXNativeTarget section */
		756D60D31EFF2AB600995043 /* rainyshinycloudy */ = {
			isa = PBXNativeTarget;
			buildConfigurationList = 756D60E61EFF2AB600995043 /* Build configuration list for PBXNativeTarget "rainyshinycloudy" */;
			buildPhases = (
				9F585015EF81657D1A1B433A /* [CP] Check Pods Manifest.lock */,
				756D60D01EFF2AB600995043 /* Sources */,
				756D60D11EFF2AB600995043 /* Frameworks */,
				756D60D21EFF2AB600995043 /* Resources */,
				D3EA210E7C5E0FEDE2B73A17 /* [CP] Embed Pods Frameworks */,
				6D0C1F04AC4FD6C702EE54BC /* [CP] Copy Pods Resources */,
			);
			buildRules = (
			);
			dependencies = (
			);
			name = rainyshinycloudy;
			productName = rainyshinycloudy;
			productReference = 756D60D41EFF2AB600995043 /* rainyshinycloudy.app */;
			productType = "com.apple.product-type.application";
		};
/* End PBXNativeTarget section */

/* Begin PBXProject section */
		756D60CC1EFF2AB500995043 /* Project object */ = {
			isa = PBXProject;
			attributes = {
				LastSwiftUpdateCheck = 0830;
				LastUpgradeCheck = 0830;
				ORGANIZATIONNAME = Devslopes;
				TargetAttributes = {
					756D60D31EFF2AB600995043 = {
						CreatedOnToolsVersion = 8.3.2;
						ProvisioningStyle = Automatic;
					};
				};
			};
			buildConfigurationList = 756D60CF1EFF2AB500995043 /* Build configuration list for PBXProject "rainyshinycloudy" */;
			compatibilityVersion = "Xcode 3.2";
			developmentRegion = English;
			hasScannedForEncodings = 0;
			knownRegions = (
				en,
				Base,
			);
			mainGroup = 756D60CB1EFF2AB500995043;
			productRefGroup = 756D60D51EFF2AB600995043 /* Products */;
			projectDirPath = "";
			projectRoot = "";
			targets = (
				756D60D31EFF2AB600995043 /* rainyshinycloudy */,
			);
		};
/* End PBXProject section */

/* Begin PBXResourcesBuildPhase section */
		756D60D21EFF2AB600995043 /* Resources */ = {
			isa = PBXResourcesBuildPhase;
			buildActionMask = 2147483647;
			files = (
				756D60E21EFF2AB600995043 /* LaunchScreen.storyboard in Resources */,
				756D60DF1EFF2AB600995043 /* Assets.xcassets in Resources */,
				756D60DD1EFF2AB600995043 /* Main.storyboard in Resources */,
			);
			runOnlyForDeploymentPostprocessing = 0;
		};
/* End PBXResourcesBuildPhase section */

/* Begin PBXShellScriptBuildPhase section */
		6D0C1F04AC4FD6C702EE54BC /* [CP] Copy Pods Resources */ = {
			isa = PBXShellScriptBuildPhase;
			buildActionMask = 2147483647;
			files = (
			);
			inputPaths = (
			);
			name = "[CP] Copy Pods Resources";
			outputPaths = (
			);
			runOnlyForDeploymentPostprocessing = 0;
			shellPath = /bin/sh;
			shellScript = "\"${SRCROOT}/Pods/Target Support Files/Pods-rainyshinycloudy/Pods-rainyshinycloudy-resources.sh\"\n";
			showEnvVarsInLog = 0;
		};
		9F585015EF81657D1A1B433A /* [CP] Check Pods Manifest.lock */ = {
			isa = PBXShellScriptBuildPhase;
			buildActionMask = 2147483647;
			files = (
			);
			inputPaths = (
			);
			name = "[CP] Check Pods Manifest.lock";
			outputPaths = (
			);
			runOnlyForDeploymentPostprocessing = 0;
			shellPath = /bin/sh;
			shellScript = "diff \"${PODS_PODFILE_DIR_PATH}/Podfile.lock\" \"${PODS_ROOT}/Manifest.lock\" > /dev/null\nif [ $? != 0 ] ; then\n    # print error to STDERR\n    echo \"error: The sandbox is not in sync with the Podfile.lock. Run 'pod install' or update your CocoaPods installation.\" >&2\n    exit 1\nfi\n";
			showEnvVarsInLog = 0;
		};
		D3EA210E7C5E0FEDE2B73A17 /* [CP] Embed Pods Frameworks */ = {
			isa = PBXShellScriptBuildPhase;
			buildActionMask = 2147483647;
			files = (
			);
			inputPaths = (
			);
			name = "[CP] Embed Pods Frameworks";
			outputPaths = (
			);
			runOnlyForDeploymentPostprocessing = 0;
			shellPath = /bin/sh;
			shellScript = "\"${SRCROOT}/Pods/Target Support Files/Pods-rainyshinycloudy/Pods-rainyshinycloudy-frameworks.sh\"\n";
			showEnvVarsInLog = 0;
		};
/* End PBXShellScriptBuildPhase section */

/* Begin PBXSourcesBuildPhase section */
		756D60D01EFF2AB600995043 /* Sources */ = {
			isa = PBXSourcesBuildPhase;
			buildActionMask = 2147483647;
			files = (
				756D60DA1EFF2AB600995043 /* WeatherVC.swift in Sources */,
				756D60D81EFF2AB600995043 /* AppDelegate.swift in Sources */,
				756D61121F07394C00995043 /* WeatherCell.swift in Sources */,
				756D60EC1F0081B500995043 /* CurrentWeather.swift in Sources */,
				756D60EA1F007D6D00995043 /* Constants.swift in Sources */,
				756D610E1F0346D000995043 /* Forecast.swift in Sources */,
				756D61161F07ED0B00995043 /* Location.swift in Sources */,
			);
			runOnlyForDeploymentPostprocessing = 0;
		};
/* End PBXSourcesBuildPhase section */

/* Begin PBXVariantGroup section */
		756D60DB1EFF2AB600995043 /* Main.storyboard */ = {
			isa = PBXVariantGroup;
			children = (
				756D60DC1EFF2AB600995043 /* Base */,
			);
			name = Main.storyboard;
			sourceTree = "<group>";
		};
		756D60E01EFF2AB600995043 /* LaunchScreen.storyboard */ = {
			isa = PBXVariantGroup;
			children = (
				756D60E11EFF2AB600995043 /* Base */,
			);
			name = LaunchScreen.storyboard;
			sourceTree = "<group>";
		};
/* End PBXVariantGroup section */

/* Begin XCBuildConfiguration section */
		756D60E41EFF2AB600995043 /* Debug */ = {
			isa = XCBuildConfiguration;
			buildSettings = {
				ALWAYS_SEARCH_USER_PATHS = NO;
				CLANG_ANALYZER_NONNULL = YES;
				CLANG_ANALYZER_NUMBER_OBJECT_CONVERSION = YES_AGGRESSIVE;
				CLANG_CXX_LANGUAGE_STANDARD = "gnu++0x";
				CLANG_CXX_LIBRARY = "libc++";
				CLANG_ENABLE_MODULES = YES;
				CLANG_ENABLE_OBJC_ARC = YES;
				CLANG_WARN_BOOL_CONVERSION = YES;
				CLANG_WARN_CONSTANT_CONVERSION = YES;
				CLANG_WARN_DIRECT_OBJC_ISA_USAGE = YES_ERROR;
				CLANG_WARN_DOCUMENTATION_COMMENTS = YES;
				CLANG_WARN_EMPTY_BODY = YES;
				CLANG_WARN_ENUM_CONVERSION = YES;
				CLANG_WARN_INFINITE_RECURSION = YES;
				CLANG_WARN_INT_CONVERSION = YES;
				CLANG_WARN_OBJC_ROOT_CLASS = YES_ERROR;
				CLANG_WARN_SUSPICIOUS_MOVE = YES;
				CLANG_WARN_UNREACHABLE_CODE = YES;
				CLANG_WARN__DUPLICATE_METHOD_MATCH = YES;
				"CODE_SIGN_IDENTITY[sdk=iphoneos*]" = "iPhone Developer";
				COPY_PHASE_STRIP = NO;
				DEBUG_INFORMATION_FORMAT = dwarf;
				ENABLE_STRICT_OBJC_MSGSEND = YES;
				ENABLE_TESTABILITY = YES;
				GCC_C_LANGUAGE_STANDARD = gnu99;
				GCC_DYNAMIC_NO_PIC = NO;
				GCC_NO_COMMON_BLOCKS = YES;
				GCC_OPTIMIZATION_LEVEL = 0;
				GCC_PREPROCESSOR_DEFINITIONS = (
					"DEBUG=1",
					"$(inherited)",
				);
				GCC_WARN_64_TO_32_BIT_CONVERSION = YES;
				GCC_WARN_ABOUT_RETURN_TYPE = YES_ERROR;
				GCC_WARN_UNDECLARED_SELECTOR = YES;
				GCC_WARN_UNINITIALIZED_AUTOS = YES_AGGRESSIVE;
				GCC_WARN_UNUSED_FUNCTION = YES;
				GCC_WARN_UNUSED_VARIABLE = YES;
				IPHONEOS_DEPLOYMENT_TARGET = 10.3;
				MTL_ENABLE_DEBUG_INFO = YES;
				ONLY_ACTIVE_ARCH = YES;
				SDKROOT = iphoneos;
				SWIFT_ACTIVE_COMPILATION_CONDITIONS = DEBUG;
				SWIFT_OPTIMIZATION_LEVEL = "-Onone";
				TARGETED_DEVICE_FAMILY = "1,2";
			};
			name = Debug;
		};
		756D60E51EFF2AB600995043 /* Release */ = {
			isa = XCBuildConfiguration;
			buildSettings = {
				ALWAYS_SEARCH_USER_PATHS = NO;
				CLANG_ANALYZER_NONNULL = YES;
				CLANG_ANALYZER_NUMBER_OBJECT_CONVERSION = YES_AGGRESSIVE;
				CLANG_CXX_LANGUAGE_STANDARD = "gnu++0x";
				CLANG_CXX_LIBRARY = "libc++";
				CLANG_ENABLE_MODULES = YES;
				CLANG_ENABLE_OBJC_ARC = YES;
				CLANG_WARN_BOOL_CONVERSION = YES;
				CLANG_WARN_CONSTANT_CONVERSION = YES;
				CLANG_WARN_DIRECT_OBJC_ISA_USAGE = YES_ERROR;
				CLANG_WARN_DOCUMENTATION_COMMENTS = YES;
				CLANG_WARN_EMPTY_BODY = YES;
				CLANG_WARN_ENUM_CONVERSION = YES;
				CLANG_WARN_INFINITE_RECURSION = YES;
				CLANG_WARN_INT_CONVERSION = YES;
				CLANG_WARN_OBJC_ROOT_CLASS = YES_ERROR;
				CLANG_WARN_SUSPICIOUS_MOVE = YES;
				CLANG_WARN_UNREACHABLE_CODE = YES;
				CLANG_WARN__DUPLICATE_METHOD_MATCH = YES;
				"CODE_SIGN_IDENTITY[sdk=iphoneos*]" = "iPhone Developer";
				COPY_PHASE_STRIP = NO;
				DEBUG_INFORMATION_FORMAT = "dwarf-with-dsym";
				ENABLE_NS_ASSERTIONS = NO;
				ENABLE_STRICT_OBJC_MSGSEND = YES;
				GCC_C_LANGUAGE_STANDARD = gnu99;
				GCC_NO_COMMON_BLOCKS = YES;
				GCC_WARN_64_TO_32_BIT_CONVERSION = YES;
				GCC_WARN_ABOUT_RETURN_TYPE = YES_ERROR;
				GCC_WARN_UNDECLARED_SELECTOR = YES;
				GCC_WARN_UNINITIALIZED_AUTOS = YES_AGGRESSIVE;
				GCC_WARN_UNUSED_FUNCTION = YES;
				GCC_WARN_UNUSED_VARIABLE = YES;
				IPHONEOS_DEPLOYMENT_TARGET = 10.3;
				MTL_ENABLE_DEBUG_INFO = NO;
				SDKROOT = iphoneos;
				SWIFT_OPTIMIZATION_LEVEL = "-Owholemodule";
				TARGETED_DEVICE_FAMILY = "1,2";
				VALIDATE_PRODUCT = YES;
			};
			name = Release;
		};
		756D60E71EFF2AB600995043 /* Debug */ = {
			isa = XCBuildConfiguration;
			baseConfigurationReference = B472AD3DFA35BF1BDEFB1B6C /* Pods-rainyshinycloudy.debug.xcconfig */;
			buildSettings = {
				ASSETCATALOG_COMPILER_APPICON_NAME = AppIcon;
				INFOPLIST_FILE = rainyshinycloudy/Info.plist;
				LD_RUNPATH_SEARCH_PATHS = "$(inherited) @executable_path/Frameworks";
				PRODUCT_BUNDLE_IDENTIFIER = com.devslopes.rainyshinycloudy;
				PRODUCT_NAME = "$(TARGET_NAME)";
				SWIFT_VERSION = 3.0;
				TARGETED_DEVICE_FAMILY = 1;
			};
			name = Debug;
		};
		756D60E81EFF2AB600995043 /* Release */ = {
			isa = XCBuildConfiguration;
			baseConfigurationReference = 0D5D71EC4F6138091EA50C73 /* Pods-rainyshinycloudy.release.xcconfig */;
			buildSettings = {
				ASSETCATALOG_COMPILER_APPICON_NAME = AppIcon;
				INFOPLIST_FILE = rainyshinycloudy/Info.plist;
				LD_RUNPATH_SEARCH_PATHS = "$(inherited) @executable_path/Frameworks";
				PRODUCT_BUNDLE_IDENTIFIER = com.devslopes.rainyshinycloudy;
				PRODUCT_NAME = "$(TARGET_NAME)";
				SWIFT_VERSION = 3.0;
				TARGETED_DEVICE_FAMILY = 1;
			};
			name = Release;
		};
/* End XCBuildConfiguration section */

/* Begin XCConfigurationList section */
		756D60CF1EFF2AB500995043 /* Build configuration list for PBXProject "rainyshinycloudy" */ = {
			isa = XCConfigurationList;
			buildConfigurations = (
				756D60E41EFF2AB600995043 /* Debug */,
				756D60E51EFF2AB600995043 /* Release */,
			);
			defaultConfigurationIsVisible = 0;
			defaultConfigurationName = Release;
		};
		756D60E61EFF2AB600995043 /* Build configuration list for PBXNativeTarget "rainyshinycloudy" */ = {
			isa = XCConfigurationList;
			buildConfigurations = (
				756D60E71EFF2AB600995043 /* Debug */,
				756D60E81EFF2AB600995043 /* Release */,
			);
			defaultConfigurationIsVisible = 0;
			defaultConfigurationName = Release;
		};
/* End XCConfigurationList section */
	};
	rootObject = 756D60CC1EFF2AB500995043 /* Project object */;
}
